// !$*UTF8*$!
{
	archiveVersion = 1;
	classes = {
	};
	objectVersion = 52;
	objects = {

/* Begin PBXBuildFile section */
		0432052F245B77570061E316 /* FeedTableViewCell.swift in Sources */ = {isa = PBXBuildFile; fileRef = 0432052E245B77570061E316 /* FeedTableViewCell.swift */; };
		04320531245B79B10061E316 /* NewsFeed.swift in Sources */ = {isa = PBXBuildFile; fileRef = 04320530245B79B10061E316 /* NewsFeed.swift */; };
		04320533245B79C10061E316 /* Articles.swift in Sources */ = {isa = PBXBuildFile; fileRef = 04320532245B79C10061E316 /* Articles.swift */; };
		04320536245B7A070061E316 /* SDWebImage in Frameworks */ = {isa = PBXBuildFile; productRef = 04320535245B7A070061E316 /* SDWebImage */; };
		044170B6245B72ED00F9ED6C /* AppDelegate.swift in Sources */ = {isa = PBXBuildFile; fileRef = 044170B5245B72ED00F9ED6C /* AppDelegate.swift */; };
		044170B8245B72ED00F9ED6C /* SceneDelegate.swift in Sources */ = {isa = PBXBuildFile; fileRef = 044170B7245B72ED00F9ED6C /* SceneDelegate.swift */; };
		044170BA245B72ED00F9ED6C /* ViewController.swift in Sources */ = {isa = PBXBuildFile; fileRef = 044170B9245B72ED00F9ED6C /* ViewController.swift */; };
		044170BD245B72ED00F9ED6C /* Main.storyboard in Resources */ = {isa = PBXBuildFile; fileRef = 044170BB245B72ED00F9ED6C /* Main.storyboard */; };
		044170BF245B72EE00F9ED6C /* Assets.xcassets in Resources */ = {isa = PBXBuildFile; fileRef = 044170BE245B72EE00F9ED6C /* Assets.xcassets */; };
		044170C2245B72EE00F9ED6C /* LaunchScreen.storyboard in Resources */ = {isa = PBXBuildFile; fileRef = 044170C0245B72EE00F9ED6C /* LaunchScreen.storyboard */; };
		044170CA245B742000F9ED6C /* WebViewController.swift in Sources */ = {isa = PBXBuildFile; fileRef = 044170C9245B742000F9ED6C /* WebViewController.swift */; };
/* End PBXBuildFile section */

/* Begin PBXFileReference section */
		0432052E245B77570061E316 /* FeedTableViewCell.swift */ = {isa = PBXFileReference; lastKnownFileType = sourcecode.swift; path = FeedTableViewCell.swift; sourceTree = "<group>"; };
		04320530245B79B10061E316 /* NewsFeed.swift */ = {isa = PBXFileReference; fileEncoding = 4; lastKnownFileType = sourcecode.swift; path = NewsFeed.swift; sourceTree = "<group>"; };
		04320532245B79C10061E316 /* Articles.swift */ = {isa = PBXFileReference; fileEncoding = 4; lastKnownFileType = sourcecode.swift; path = Articles.swift; sourceTree = "<group>"; };
		044170B2245B72ED00F9ED6C /* NewsApp.app */ = {isa = PBXFileReference; explicitFileType = wrapper.application; includeInIndex = 0; path = NewsApp.app; sourceTree = BUILT_PRODUCTS_DIR; };
		044170B5245B72ED00F9ED6C /* AppDelegate.swift */ = {isa = PBXFileReference; lastKnownFileType = sourcecode.swift; path = AppDelegate.swift; sourceTree = "<group>"; };
		044170B7245B72ED00F9ED6C /* SceneDelegate.swift */ = {isa = PBXFileReference; lastKnownFileType = sourcecode.swift; path = SceneDelegate.swift; sourceTree = "<group>"; };
		044170B9245B72ED00F9ED6C /* ViewController.swift */ = {isa = PBXFileReference; lastKnownFileType = sourcecode.swift; path = ViewController.swift; sourceTree = "<group>"; };
		044170BC245B72ED00F9ED6C /* Base */ = {isa = PBXFileReference; lastKnownFileType = file.storyboard; name = Base; path = Base.lproj/Main.storyboard; sourceTree = "<group>"; };
		044170BE245B72EE00F9ED6C /* Assets.xcassets */ = {isa = PBXFileReference; lastKnownFileType = folder.assetcatalog; path = Assets.xcassets; sourceTree = "<group>"; };
		044170C1245B72EE00F9ED6C /* Base */ = {isa = PBXFileReference; lastKnownFileType = file.storyboard; name = Base; path = Base.lproj/LaunchScreen.storyboard; sourceTree = "<group>"; };
		044170C3245B72EE00F9ED6C /* Info.plist */ = {isa = PBXFileReference; lastKnownFileType = text.plist.xml; path = Info.plist; sourceTree = "<group>"; };
		044170C9245B742000F9ED6C /* WebViewController.swift */ = {isa = PBXFileReference; lastKnownFileType = sourcecode.swift; path = WebViewController.swift; sourceTree = "<group>"; };
/* End PBXFileReference section */

/* Begin PBXFrameworksBuildPhase section */
		044170AF245B72ED00F9ED6C /* Frameworks */ = {
			isa = PBXFrameworksBuildPhase;
			buildActionMask = 2147483647;
			files = (
				04320536245B7A070061E316 /* SDWebImage in Frameworks */,
			);
			runOnlyForDeploymentPostprocessing = 0;
		};
/* End PBXFrameworksBuildPhase section */

/* Begin PBXGroup section */
		044170A9245B72ED00F9ED6C = {
			isa = PBXGroup;
			children = (
				044170B4245B72ED00F9ED6C /* NewsApp */,
				044170B3245B72ED00F9ED6C /* Products */,
			);
			sourceTree = "<group>";
		};
		044170B3245B72ED00F9ED6C /* Products */ = {
			isa = PBXGroup;
			children = (
				044170B2245B72ED00F9ED6C /* NewsApp.app */,
			);
			name = Products;
			sourceTree = "<group>";
		};
		044170B4245B72ED00F9ED6C /* NewsApp */ = {
			isa = PBXGroup;
			children = (
				044170B5245B72ED00F9ED6C /* AppDelegate.swift */,
				044170B7245B72ED00F9ED6C /* SceneDelegate.swift */,
				044170B9245B72ED00F9ED6C /* ViewController.swift */,
				044170C9245B742000F9ED6C /* WebViewController.swift */,
				0432052E245B77570061E316 /* FeedTableViewCell.swift */,
				04320530245B79B10061E316 /* NewsFeed.swift */,
				04320532245B79C10061E316 /* Articles.swift */,
				044170BB245B72ED00F9ED6C /* Main.storyboard */,
				044170BE245B72EE00F9ED6C /* Assets.xcassets */,
				044170C0245B72EE00F9ED6C /* LaunchScreen.storyboard */,
				044170C3245B72EE00F9ED6C /* Info.plist */,
			);
			path = NewsApp;
			sourceTree = "<group>";
		};
/* End PBXGroup section */

/* Begin PBXNativeTarget section */
		044170B1245B72ED00F9ED6C /* NewsApp */ = {
			isa = PBXNativeTarget;
			buildConfigurationList = 044170C6245B72EE00F9ED6C /* Build configuration list for PBXNativeTarget "NewsApp" */;
			buildPhases = (
				044170AE245B72ED00F9ED6C /* Sources */,
				044170AF245B72ED00F9ED6C /* Frameworks */,
				044170B0245B72ED00F9ED6C /* Resources */,
			);
			buildRules = (
			);
			dependencies = (
			);
			name = NewsApp;
			packageProductDependencies = (
				04320535245B7A070061E316 /* SDWebImage */,
			);
			productName = NewsApp;
			productReference = 044170B2245B72ED00F9ED6C /* NewsApp.app */;
			productType = "com.apple.product-type.application";
		};
/* End PBXNativeTarget section */

/* Begin PBXProject section */
		044170AA245B72ED00F9ED6C /* Project object */ = {
			isa = PBXProject;
			attributes = {
				LastSwiftUpdateCheck = 1100;
				LastUpgradeCheck = 1100;
				ORGANIZATIONNAME = Akash;
				TargetAttributes = {
					044170B1245B72ED00F9ED6C = {
						CreatedOnToolsVersion = 11.0;
					};
				};
			};
			buildConfigurationList = 044170AD245B72ED00F9ED6C /* Build configuration list for PBXProject "NewsApp" */;
			compatibilityVersion = "Xcode 9.3";
			developmentRegion = en;
			hasScannedForEncodings = 0;
			knownRegions = (
				en,
				Base,
			);
			mainGroup = 044170A9245B72ED00F9ED6C;
			packageReferences = (
				04320534245B7A070061E316 /* XCRemoteSwiftPackageReference "SDWebImage" */,
			);
			productRefGroup = 044170B3245B72ED00F9ED6C /* Products */;
			projectDirPath = "";
			projectRoot = "";
			targets = (
				044170B1245B72ED00F9ED6C /* NewsApp */,
			);
		};
/* End PBXProject section */

/* Begin PBXResourcesBuildPhase section */
		044170B0245B72ED00F9ED6C /* Resources */ = {
			isa = PBXResourcesBuildPhase;
			buildActionMask = 2147483647;
			files = (
				044170C2245B72EE00F9ED6C /* LaunchScreen.storyboard in Resources */,
				044170BF245B72EE00F9ED6C /* Assets.xcassets in Resources */,
				044170BD245B72ED00F9ED6C /* Main.storyboard in Resources */,
			);
			runOnlyForDeploymentPostprocessing = 0;
		};
/* End PBXResourcesBuildPhase section */

/* Begin PBXSourcesBuildPhase section */
		044170AE245B72ED00F9ED6C /* Sources */ = {
			isa = PBXSourcesBuildPhase;
			buildActionMask = 2147483647;
			files = (
				04320533245B79C10061E316 /* Articles.swift in Sources */,
				04320531245B79B10061E316 /* NewsFeed.swift in Sources */,
				044170BA245B72ED00F9ED6C /* ViewController.swift in Sources */,
				044170B6245B72ED00F9ED6C /* AppDelegate.swift in Sources */,
				044170B8245B72ED00F9ED6C /* SceneDelegate.swift in Sources */,
				044170CA245B742000F9ED6C /* WebViewController.swift in Sources */,
				0432052F245B77570061E316 /* FeedTableViewCell.swift in Sources */,
			);
			runOnlyForDeploymentPostprocessing = 0;
		};
/* End PBXSourcesBuildPhase section */

/* Begin PBXVariantGroup section */
		044170BB245B72ED00F9ED6C /* Main.storyboard */ = {
			isa = PBXVariantGroup;
			children = (
				044170BC245B72ED00F9ED6C /* Base */,
			);
			name = Main.storyboard;
			sourceTree = "<group>";
		};
		044170C0245B72EE00F9ED6C /* LaunchScreen.storyboard */ = {
			isa = PBXVariantGroup;
			children = (
				044170C1245B72EE00F9ED6C /* Base */,
			);
			name = LaunchScreen.storyboard;
			sourceTree = "<group>";
		};
/* End PBXVariantGroup section */

/* Begin XCBuildConfiguration section */
		044170C4245B72EE00F9ED6C /* Debug */ = {
			isa = XCBuildConfiguration;
			buildSettings = {
				ALWAYS_SEARCH_USER_PATHS = NO;
				CLANG_ANALYZER_NONNULL = YES;
				CLANG_ANALYZER_NUMBER_OBJECT_CONVERSION = YES_AGGRESSIVE;
				CLANG_CXX_LANGUAGE_STANDARD = "gnu++14";
				CLANG_CXX_LIBRARY = "libc++";
				CLANG_ENABLE_MODULES = YES;
				CLANG_ENABLE_OBJC_ARC = YES;
				CLANG_ENABLE_OBJC_WEAK = YES;
				CLANG_WARN_BLOCK_CAPTURE_AUTORELEASING = YES;
				CLANG_WARN_BOOL_CONVERSION = YES;
				CLANG_WARN_COMMA = YES;
				CLANG_WARN_CONSTANT_CONVERSION = YES;
				CLANG_WARN_DEPRECATED_OBJC_IMPLEMENTATIONS = YES;
				CLANG_WARN_DIRECT_OBJC_ISA_USAGE = YES_ERROR;
				CLANG_WARN_DOCUMENTATION_COMMENTS = YES;
				CLANG_WARN_EMPTY_BODY = YES;
				CLANG_WARN_ENUM_CONVERSION = YES;
				CLANG_WARN_INFINITE_RECURSION = YES;
				CLANG_WARN_INT_CONVERSION = YES;
				CLANG_WARN_NON_LITERAL_NULL_CONVERSION = YES;
				CLANG_WARN_OBJC_IMPLICIT_RETAIN_SELF = YES;
				CLANG_WARN_OBJC_LITERAL_CONVERSION = YES;
				CLANG_WARN_OBJC_ROOT_CLASS = YES_ERROR;
				CLANG_WARN_RANGE_LOOP_ANALYSIS = YES;
				CLANG_WARN_STRICT_PROTOTYPES = YES;
				CLANG_WARN_SUSPICIOUS_MOVE = YES;
				CLANG_WARN_UNGUARDED_AVAILABILITY = YES_AGGRESSIVE;
				CLANG_WARN_UNREACHABLE_CODE = YES;
				CLANG_WARN__DUPLICATE_METHOD_MATCH = YES;
				COPY_PHASE_STRIP = NO;
				DEBUG_INFORMATION_FORMAT = dwarf;
				ENABLE_STRICT_OBJC_MSGSEND = YES;
				ENABLE_TESTABILITY = YES;
				GCC_C_LANGUAGE_STANDARD = gnu11;
				GCC_DYNAMIC_NO_PIC = NO;
				GCC_NO_COMMON_BLOCKS = YES;
				GCC_OPTIMIZATION_LEVEL = 0;
				GCC_PREPROCESSOR_DEFINITIONS = (
					"DEBUG=1",
					"$(inherited)",
				);
				GCC_WARN_64_TO_32_BIT_CONVERSION = YES;
				GCC_WARN_ABOUT_RETURN_TYPE = YES_ERROR;
				GCC_WARN_UNDECLARED_SELECTOR = YES;
				GCC_WARN_UNINITIALIZED_AUTOS = YES_AGGRESSIVE;
				GCC_WARN_UNUSED_FUNCTION = YES;
				GCC_WARN_UNUSED_VARIABLE = YES;
				IPHONEOS_DEPLOYMENT_TARGET = 13.0;
				MTL_ENABLE_DEBUG_INFO = INCLUDE_SOURCE;
				MTL_FAST_MATH = YES;
				ONLY_ACTIVE_ARCH = YES;
				SDKROOT = iphoneos;
				SWIFT_ACTIVE_COMPILATION_CONDITIONS = DEBUG;
				SWIFT_OPTIMIZATION_LEVEL = "-Onone";
			};
			name = Debug;
		};
		044170C5245B72EE00F9ED6C /* Release */ = {
			isa = XCBuildConfiguration;
			buildSettings = {
				ALWAYS_SEARCH_USER_PATHS = NO;
				CLANG_ANALYZER_NONNULL = YES;
				CLANG_ANALYZER_NUMBER_OBJECT_CONVERSION = YES_AGGRESSIVE;
				CLANG_CXX_LANGUAGE_STANDARD = "gnu++14";
				CLANG_CXX_LIBRARY = "libc++";
				CLANG_ENABLE_MODULES = YES;
				CLANG_ENABLE_OBJC_ARC = YES;
				CLANG_ENABLE_OBJC_WEAK = YES;
				CLANG_WARN_BLOCK_CAPTURE_AUTORELEASING = YES;
				CLANG_WARN_BOOL_CONVERSION = YES;
				CLANG_WARN_COMMA = YES;
				CLANG_WARN_CONSTANT_CONVERSION = YES;
				CLANG_WARN_DEPRECATED_OBJC_IMPLEMENTATIONS = YES;
				CLANG_WARN_DIRECT_OBJC_ISA_USAGE = YES_ERROR;
				CLANG_WARN_DOCUMENTATION_COMMENTS = YES;
				CLANG_WARN_EMPTY_BODY = YES;
				CLANG_WARN_ENUM_CONVERSION = YES;
				CLANG_WARN_INFINITE_RECURSION = YES;
				CLANG_WARN_INT_CONVERSION = YES;
				CLANG_WARN_NON_LITERAL_NULL_CONVERSION = YES;
				CLANG_WARN_OBJC_IMPLICIT_RETAIN_SELF = YES;
				CLANG_WARN_OBJC_LITERAL_CONVERSION = YES;
				CLANG_WARN_OBJC_ROOT_CLASS = YES_ERROR;
				CLANG_WARN_RANGE_LOOP_ANALYSIS = YES;
				CLANG_WARN_STRICT_PROTOTYPES = YES;
				CLANG_WARN_SUSPICIOUS_MOVE = YES;
				CLANG_WARN_UNGUARDED_AVAILABILITY = YES_AGGRESSIVE;
				CLANG_WARN_UNREACHABLE_CODE = YES;
				CLANG_WARN__DUPLICATE_METHOD_MATCH = YES;
				COPY_PHASE_STRIP = NO;
				DEBUG_INFORMATION_FORMAT = "dwarf-with-dsym";
				ENABLE_NS_ASSERTIONS = NO;
				ENABLE_STRICT_OBJC_MSGSEND = YES;
				GCC_C_LANGUAGE_STANDARD = gnu11;
				GCC_NO_COMMON_BLOCKS = YES;
				GCC_WARN_64_TO_32_BIT_CONVERSION = YES;
				GCC_WARN_ABOUT_RETURN_TYPE = YES_ERROR;
				GCC_WARN_UNDECLARED_SELECTOR = YES;
				GCC_WARN_UNINITIALIZED_AUTOS = YES_AGGRESSIVE;
				GCC_WARN_UNUSED_FUNCTION = YES;
				GCC_WARN_UNUSED_VARIABLE = YES;
				IPHONEOS_DEPLOYMENT_TARGET = 13.0;
				MTL_ENABLE_DEBUG_INFO = NO;
				MTL_FAST_MATH = YES;
				SDKROOT = iphoneos;
				SWIFT_COMPILATION_MODE = wholemodule;
				SWIFT_OPTIMIZATION_LEVEL = "-O";
				VALIDATE_PRODUCT = YES;
			};
			name = Release;
		};
		044170C7245B72EE00F9ED6C /* Debug */ = {
			isa = XCBuildConfiguration;
			buildSettings = {
				ASSETCATALOG_COMPILER_APPICON_NAME = AppIcon;
				CODE_SIGN_STYLE = Automatic;
				INFOPLIST_FILE = NewsApp/Info.plist;
				LD_RUNPATH_SEARCH_PATHS = (
					"$(inherited)",
					"@executable_path/Frameworks",
				);
				PRODUCT_BUNDLE_IDENTIFIER = com.akash.NewsApp;
				PRODUCT_NAME = "$(TARGET_NAME)";
				SWIFT_VERSION = 5.0;
				TARGETED_DEVICE_FAMILY = "1,2";
			};
			name = Debug;
		};
		044170C8245B72EE00F9ED6C /* Release */ = {
			isa = XCBuildConfiguration;
			buildSettings = {
				ASSETCATALOG_COMPILER_APPICON_NAME = AppIcon;
				CODE_SIGN_STYLE = Automatic;
				INFOPLIST_FILE = NewsApp/Info.plist;
				LD_RUNPATH_SEARCH_PATHS = (
					"$(inherited)",
					"@executable_path/Frameworks",
				);
				PRODUCT_BUNDLE_IDENTIFIER = com.akash.NewsApp;
				PRODUCT_NAME = "$(TARGET_NAME)";
				SWIFT_VERSION = 5.0;
				TARGETED_DEVICE_FAMILY = "1,2";
			};
			name = Release;
		};
/* End XCBuildConfiguration section */

/* Begin XCConfigurationList section */
		044170AD245B72ED00F9ED6C /* Build configuration list for PBXProject "NewsApp" */ = {
			isa = XCConfigurationList;
			buildConfigurations = (
				044170C4245B72EE00F9ED6C /* Debug */,
				044170C5245B72EE00F9ED6C /* Release */,
			);
			defaultConfigurationIsVisible = 0;
			defaultConfigurationName = Release;
		};
		044170C6245B72EE00F9ED6C /* Build configuration list for PBXNativeTarget "NewsApp" */ = {
			isa = XCConfigurationList;
			buildConfigurations = (
				044170C7245B72EE00F9ED6C /* Debug */,
				044170C8245B72EE00F9ED6C /* Release */,
			);
			defaultConfigurationIsVisible = 0;
			defaultConfigurationName = Release;
		};
/* End XCConfigurationList section */

/* Begin XCRemoteSwiftPackageReference section */
		04320534245B7A070061E316 /* XCRemoteSwiftPackageReference "SDWebImage" */ = {
			isa = XCRemoteSwiftPackageReference;
			repositoryURL = "https://github.com/SDWebImage/SDWebImage.git";
			requirement = {
				kind = upToNextMajorVersion;
				minimumVersion = 5.7.3;
			};
		};
/* End XCRemoteSwiftPackageReference section */

/* Begin XCSwiftPackageProductDependency section */
		04320535245B7A070061E316 /* SDWebImage */ = {
			isa = XCSwiftPackageProductDependency;
			package = 04320534245B7A070061E316 /* XCRemoteSwiftPackageReference "SDWebImage" */;
			productName = SDWebImage;
		};
/* End XCSwiftPackageProductDependency section */
	};
	rootObject = 044170AA245B72ED00F9ED6C /* Project object */;
}
